
Microsoft Visual Studio Solution File, Format Version 12.00
# Visual Studio 15
VisualStudioVersion = 15.0.27703.2026
MinimumVisualStudioVersion = 10.0.40219.1
Project("{FAE04EC0-301F-11D3-BF4B-00C04F79EFBC}") = "BugGame", "BugGame\BugGame.csproj", "{916F86EE-6C25-4F2F-A78D-62762057C869}"
EndProject
Global
	GlobalSection(SolutionConfigurationPlatforms) = preSolution
		Debug|Any CPU = Debug|Any CPU
		Release|Any CPU = Release|Any CPU
	EndGlobalSection
	GlobalSection(ProjectConfigurationPlatforms) = postSolution
		{916F86EE-6C25-4F2F-A78D-62762057C869}.Debug|Any CPU.ActiveCfg = Debug|Any CPU
		{916F86EE-6C25-4F2F-A78D-62762057C869}.Debug|Any CPU.Build.0 = Debug|Any CPU
		{916F86EE-6C25-4F2F-A78D-62762057C869}.Release|Any CPU.ActiveCfg = Release|Any CPU
		{916F86EE-6C25-4F2F-A78D-62762057C869}.Release|Any CPU.Build.0 = Release|Any CPU
	EndGlobalSection
	GlobalSection(SolutionProperties) = preSolution
		HideSolutionNode = FALSE
	EndGlobalSection
	GlobalSection(ExtensibilityGlobals) = postSolution
		SolutionGuid = {50ECF1C5-20EB-483B-9542-1F93116643B6}
	EndGlobalSection
EndGlobal
